
Microsoft Visual Studio Solution File, Format Version 12.00
# Visual Studio Version 17
VisualStudioVersion = 17.14.37012.4 d17.14
MinimumVisualStudioVersion = 10.0.40219.1
Project("{FAE04EC0-301F-11D3-BF4B-00C04F79EFBC}") = "CBasics", "CBasics\CBasics.csproj", "{E969FC3D-E2D0-4C78-9E0E-03C15533558A}"
EndProject
Global
	GlobalSection(SolutionConfigurationPlatforms) = preSolution
		Debug|Any CPU = Debug|Any CPU
		Release|Any CPU = Release|Any CPU
	EndGlobalSection
	GlobalSection(ProjectConfigurationPlatforms) = postSolution
		{E969FC3D-E2D0-4C78-9E0E-03C15533558A}.Debug|Any CPU.ActiveCfg = Debug|Any CPU
		{E969FC3D-E2D0-4C78-9E0E-03C15533558A}.Debug|Any CPU.Build.0 = Debug|Any CPU
		{E969FC3D-E2D0-4C78-9E0E-03C15533558A}.Release|Any CPU.ActiveCfg = Release|Any CPU
		{E969FC3D-E2D0-4C78-9E0E-03C15533558A}.Release|Any CPU.Build.0 = Release|Any CPU
	EndGlobalSection
	GlobalSection(SolutionProperties) = preSolution
		HideSolutionNode = FALSE
	EndGlobalSection
	GlobalSection(ExtensibilityGlobals) = postSolution
		SolutionGuid = {79065E29-5719-4C2D-8067-23FE0256B8CE}
	EndGlobalSection
EndGlobal
